
Microsoft Visual Studio Solution File, Format Version 12.00
# Visual Studio Version 16
VisualStudioVersion = 16.0.30907.101
MinimumVisualStudioVersion = 10.0.40219.1
Project("{FAE04EC0-301F-11D3-BF4B-00C04F79EFBC}") = "ToDoListApi", "ToDoListApi\ToDoListApi.csproj", "{A35166DD-541C-4EA1-BBE4-1E6BE4638EF9}"
EndProject
Project("{FAE04EC0-301F-11D3-BF4B-00C04F79EFBC}") = "Manager.Implementation", "Manager.Implementation\Manager.Implementation.csproj", "{EEADA9CF-FC5E-4AAA-8A27-28A86EEDD192}"
EndProject
Project("{FAE04EC0-301F-11D3-BF4B-00C04F79EFBC}") = "Manager.Shared", "Manager.Shared\Manager.Shared.csproj", "{CCA76A85-288B-4575-BD04-DDBF7891AE82}"
EndProject
Project("{FAE04EC0-301F-11D3-BF4B-00C04F79EFBC}") = "Repository.Implementation", "Repository.Implementation\Repository.Implementation.csproj", "{47E18D9E-F59F-48F4-A13F-416518463264}"
EndProject
Project("{FAE04EC0-301F-11D3-BF4B-00C04F79EFBC}") = "Repository.Shared", "Repository.Shared\Repository.Shared.csproj", "{EDFD3A20-5EBB-49EB-895B-4DFD696C4966}"
EndProject
Global
	GlobalSection(SolutionConfigurationPlatforms) = preSolution
		Debug|Any CPU = Debug|Any CPU
		Release|Any CPU = Release|Any CPU
	EndGlobalSection
	GlobalSection(ProjectConfigurationPlatforms) = postSolution
		{A35166DD-541C-4EA1-BBE4-1E6BE4638EF9}.Debug|Any CPU.ActiveCfg = Debug|Any CPU
		{A35166DD-541C-4EA1-BBE4-1E6BE4638EF9}.Debug|Any CPU.Build.0 = Debug|Any CPU
		{A35166DD-541C-4EA1-BBE4-1E6BE4638EF9}.Release|Any CPU.ActiveCfg = Release|Any CPU
		{A35166DD-541C-4EA1-BBE4-1E6BE4638EF9}.Release|Any CPU.Build.0 = Release|Any CPU
		{EEADA9CF-FC5E-4AAA-8A27-28A86EEDD192}.Debug|Any CPU.ActiveCfg = Debug|Any CPU
		{EEADA9CF-FC5E-4AAA-8A27-28A86EEDD192}.Debug|Any CPU.Build.0 = Debug|Any CPU
		{EEADA9CF-FC5E-4AAA-8A27-28A86EEDD192}.Release|Any CPU.ActiveCfg = Release|Any CPU
		{EEADA9CF-FC5E-4AAA-8A27-28A86EEDD192}.Release|Any CPU.Build.0 = Release|Any CPU
		{CCA76A85-288B-4575-BD04-DDBF7891AE82}.Debug|Any CPU.ActiveCfg = Debug|Any CPU
		{CCA76A85-288B-4575-BD04-DDBF7891AE82}.Debug|Any CPU.Build.0 = Debug|Any CPU
		{CCA76A85-288B-4575-BD04-DDBF7891AE82}.Release|Any CPU.ActiveCfg = Release|Any CPU
		{CCA76A85-288B-4575-BD04-DDBF7891AE82}.Release|Any CPU.Build.0 = Release|Any CPU
		{47E18D9E-F59F-48F4-A13F-416518463264}.Debug|Any CPU.ActiveCfg = Debug|Any CPU
		{47E18D9E-F59F-48F4-A13F-416518463264}.Debug|Any CPU.Build.0 = Debug|Any CPU
		{47E18D9E-F59F-48F4-A13F-416518463264}.Release|Any CPU.ActiveCfg = Release|Any CPU
		{47E18D9E-F59F-48F4-A13F-416518463264}.Release|Any CPU.Build.0 = Release|Any CPU
		{EDFD3A20-5EBB-49EB-895B-4DFD696C4966}.Debug|Any CPU.ActiveCfg = Debug|Any CPU
		{EDFD3A20-5EBB-49EB-895B-4DFD696C4966}.Debug|Any CPU.Build.0 = Debug|Any CPU
		{EDFD3A20-5EBB-49EB-895B-4DFD696C4966}.Release|Any CPU.ActiveCfg = Release|Any CPU
		{EDFD3A20-5EBB-49EB-895B-4DFD696C4966}.Release|Any CPU.Build.0 = Release|Any CPU
	EndGlobalSection
	GlobalSection(SolutionProperties) = preSolution
		HideSolutionNode = FALSE
	EndGlobalSection
	GlobalSection(ExtensibilityGlobals) = postSolution
		SolutionGuid = {AEBB017D-D3D5-4739-9C90-9D70A0566D30}
	EndGlobalSection
EndGlobal
